github.com/daaku/ensure v1.0.1 h1:nnbJcD3PSxo6Jm7p8ODuw9WdMCHceF+z4fs+xCbj+PU=
github.com/daaku/ensure v1.0.1/go.mod h1:DtAAnvKyntGyC/wijZKtC48R79j6YDoePh1/idKgDwc=
github.com/daaku/errgroup v0.1.0 h1:nGfcbWqxN4F9mqFco6FRpBQN/MSkFxBCV2RswG/0VxY=
github.com/daaku/errgroup v0.1.0/go.mod h1:A/6+jLu6eSK79TO5+Q2g3nQJatW2AjNx/ucnepPx2ZU=
github.com/davecgh/go-spew v1.1.1 h1:vj9j/u1bqnvCEfJOwUhtlOARqs3+rkHYY13jYWTU97c=
github.com/davecgh/go-spew v1.1.1/go.mod h1:J7Y8YcW2NihsgmVo/mv3lAwl/skON4iLHjSsI+c5H38=
github.com/howeyc/gopass v0.0.0-20210920133722-c8aef6fb66ef h1:A9HsByNhogrvm9cWb28sjiS3i7tcKCkflWFEkHfuAgM=
github.com/howeyc/gopass v0.0.0-20210920133722-c8aef6fb66ef/go.mod h1:lADxMC39cJJqL93Duh1xhAs4I2Zs8mKS89XWXFGp9cs=
github.com/segmentio/go-prompt v1.2.0 h1:o63/ApvCzF0mC8A07+e5zN/ZE9VTsWsinVSQcNFewUY=
github.com/segmentio/go-prompt v1.2.0/go.mod h1:B3ehdD1xPoWDKgrQgUaGk+m8H1xb1J5TyYDfKpKNeEE=
github.com/voxelbrain/goptions v0.0.0-20180630082107-58cddc247ea2 h1:txplJASvd6b/hrE0s/Ixfpp2cuwH9IO9oZBAN9iYa4A=
github.com/voxelbrain/goptions v0.0.0-20180630082107-58cddc247ea2/go.mod h1:DGCIhurYgnLz8J9ga1fMV/fbLDyUvTyrWXVWUIyJon4=
golang.org/x/crypto v0.22.0 h1:g1v0xeRhjcugydODzvb3mEM9SQ0HGp9s/nh3COQ/C30=
golang.org/x/crypto v0.22.0/go.mod h1:vr6Su+7cTlO45qkww3VDJlzDn0ctJvRgYbC2NvXHt+M=
golang.org/x/sys v0.20.0 h1:Od9JTbYCk261bKm4M/mw7AklTlFYIa0bIp9BgSm1S8Y=
golang.org/x/sys v0.20.0/go.mod h1:/VUhepiaJMQUp4+oa/7Zr1D23ma6VTLIYjOOTFZPUcA=
golang.org/x/term v0.19.0 h1:+ThwsDv+tYfnJFhF4L8jITxu1tdTWRTZpdsWgEgjL6Q=
golang.org/x/term v0.19.0/go.mod h1:2CuTdWZ7KHSQwUzKva0cbMg6q2DMI3Mmxp+gKJbskEk=
